Microsoft Visual Studio Solution File, Format Version 11.00
# Visual Studio 2008

Project("{E41303C4-A3AA-63D8-B5D1-6B0ABE5CB304}") = "Unity3DDefineTool", "Assembly-CSharp.csproj", "{F2396F2C-2508-A815-C445-76DBD7765E12}"
EndProject
Project("{E41303C4-A3AA-63D8-B5D1-6B0ABE5CB304}") = "Unity3DDefineTool", "Assembly-CSharp-Editor.csproj", "{1E461933-CFB5-A2A4-AD7E-EA2D76FBC065}"
EndProject
Global
	GlobalSection(SolutionConfigurationPlatforms) = preSolution
		Debug|Any CPU = Debug|Any CPU
		Release|Any CPU = Release|Any CPU
	EndGlobalSection
	GlobalSection(ProjectConfigurationPlatforms) = postSolution
		{F2396F2C-2508-A815-C445-76DBD7765E12}.Debug|Any CPU.ActiveCfg = Debug|Any CPU
		{F2396F2C-2508-A815-C445-76DBD7765E12}.Debug|Any CPU.Build.0 = Debug|Any CPU
		{F2396F2C-2508-A815-C445-76DBD7765E12}.Release|Any CPU.ActiveCfg = Release|Any CPU
		{F2396F2C-2508-A815-C445-76DBD7765E12}.Release|Any CPU.Build.0 = Release|Any CPU
		{1E461933-CFB5-A2A4-AD7E-EA2D76FBC065}.Debug|Any CPU.ActiveCfg = Debug|Any CPU
		{1E461933-CFB5-A2A4-AD7E-EA2D76FBC065}.Debug|Any CPU.Build.0 = Debug|Any CPU
		{1E461933-CFB5-A2A4-AD7E-EA2D76FBC065}.Release|Any CPU.ActiveCfg = Release|Any CPU
		{1E461933-CFB5-A2A4-AD7E-EA2D76FBC065}.Release|Any CPU.Build.0 = Release|Any CPU
	EndGlobalSection
	GlobalSection(SolutionProperties) = preSolution
		HideSolutionNode = FALSE
	EndGlobalSection
																																	GlobalSection(MonoDevelopProperties) = preSolution
		StartupItem = Assembly-CSharp.csproj
		Policies = $0
		$0.TextStylePolicy = $1
		$1.inheritsSet = null
		$1.scope = text/x-csharp
		$0.CSharpFormattingPolicy = $2
		$2.inheritsSet = Mono
		$2.inheritsScope = text/x-csharp
		$2.scope = text/x-csharp
		$0.TextStylePolicy = $3
		$3.FileWidth = 120
		$3.TabWidth = 4
		$3.EolMarker = Unix
		$3.inheritsSet = Mono
		$3.inheritsScope = text/plain
		$3.scope = text/plain
	EndGlobalSection

EndGlobal
